// !$*UTF8*$!
{
	archiveVersion = 1;
	classes = {
	};
	objectVersion = 50;
	objects = {

/* Begin PBXBuildFile section */
		6B147A28675545973D11F32D /* Pods_WalkieTalkie.framework in Frameworks */ = {isa = PBXBuildFile; fileRef = 0440049C3E826D3A5A28E7B4 /* Pods_WalkieTalkie.framework */; };
		FE126D18243461E800BEDD60 /* AppDelegate.swift in Sources */ = {isa = PBXBuildFile; fileRef = FE126D17243461E800BEDD60 /* AppDelegate.swift */; };
		FE126D1C243461E800BEDD60 /* ViewController.swift in Sources */ = {isa = PBXBuildFile; fileRef = FE126D1B243461E800BEDD60 /* ViewController.swift */; };
		FE126D1F243461E800BEDD60 /* Main.storyboard in Resources */ = {isa = PBXBuildFile; fileRef = FE126D1D243461E800BEDD60 /* Main.storyboard */; };
		FE126D21243461EA00BEDD60 /* Assets.xcassets in Resources */ = {isa = PBXBuildFile; fileRef = FE126D20243461EA00BEDD60 /* Assets.xcassets */; };
		FE126D24243461EA00BEDD60 /* LaunchScreen.storyboard in Resources */ = {isa = PBXBuildFile; fileRef = FE126D22243461EA00BEDD60 /* LaunchScreen.storyboard */; };
		FE126D2F243461EB00BEDD60 /* WalkieTalkieTests.swift in Sources */ = {isa = PBXBuildFile; fileRef = FE126D2E243461EB00BEDD60 /* WalkieTalkieTests.swift */; };
		FE126D3E243481BD00BEDD60 /* RtcManager.swift in Sources */ = {isa = PBXBuildFile; fileRef = FE126D39243481BC00BEDD60 /* RtcManager.swift */; };
		FE126D3F243481BD00BEDD60 /* RtmManager.swift in Sources */ = {isa = PBXBuildFile; fileRef = FE126D3A243481BC00BEDD60 /* RtmManager.swift */; };
		FE126D40243481BD00BEDD60 /* ChatRoomManager.swift in Sources */ = {isa = PBXBuildFile; fileRef = FE126D3B243481BC00BEDD60 /* ChatRoomManager.swift */; };
		FE126D41243481BD00BEDD60 /* MessageManager.swift in Sources */ = {isa = PBXBuildFile; fileRef = FE126D3C243481BC00BEDD60 /* MessageManager.swift */; };
		FE126D42243481BD00BEDD60 /* SeatManager.swift in Sources */ = {isa = PBXBuildFile; fileRef = FE126D3D243481BC00BEDD60 /* SeatManager.swift */; };
		FE126D4B243481FF00BEDD60 /* Constant.swift in Sources */ = {isa = PBXBuildFile; fileRef = FE126D43243481FD00BEDD60 /* Constant.swift */; };
		FE126D4C243481FF00BEDD60 /* ChannelData.swift in Sources */ = {isa = PBXBuildFile; fileRef = FE126D44243481FD00BEDD60 /* ChannelData.swift */; };
		FE126D4D243481FF00BEDD60 /* Member.swift in Sources */ = {isa = PBXBuildFile; fileRef = FE126D45243481FD00BEDD60 /* Member.swift */; };
		FE126D4E243481FF00BEDD60 /* Channel.swift in Sources */ = {isa = PBXBuildFile; fileRef = FE126D46243481FE00BEDD60 /* Channel.swift */; };
		FE126D4F243481FF00BEDD60 /* AttributeKey.swift in Sources */ = {isa = PBXBuildFile; fileRef = FE126D47243481FE00BEDD60 /* AttributeKey.swift */; };
		FE126D50243481FF00BEDD60 /* VoiceChanger.swift in Sources */ = {isa = PBXBuildFile; fileRef = FE126D48243481FE00BEDD60 /* VoiceChanger.swift */; };
		FE126D51243481FF00BEDD60 /* Message.swift in Sources */ = {isa = PBXBuildFile; fileRef = FE126D49243481FE00BEDD60 /* Message.swift */; };
		FE126D52243481FF00BEDD60 /* Seat.swift in Sources */ = {isa = PBXBuildFile; fileRef = FE126D4A243481FE00BEDD60 /* Seat.swift */; };
		FE126D572434823B00BEDD60 /* AlertUtil.swift in Sources */ = {isa = PBXBuildFile; fileRef = FE126D552434823A00BEDD60 /* AlertUtil.swift */; };
		FE126D582434823B00BEDD60 /* MemberUtil.swift in Sources */ = {isa = PBXBuildFile; fileRef = FE126D562434823A00BEDD60 /* MemberUtil.swift */; };
		FE126D5A2434825900BEDD60 /* KeyCenter.swift in Sources */ = {isa = PBXBuildFile; fileRef = FE126D592434825900BEDD60 /* KeyCenter.swift */; };
		FE126D5C2434922E00BEDD60 /* ObservableOptionalExtension.swift in Sources */ = {isa = PBXBuildFile; fileRef = FE126D5B2434922E00BEDD60 /* ObservableOptionalExtension.swift */; };
		FE126D602434967A00BEDD60 /* SwiftTimer.swift in Sources */ = {isa = PBXBuildFile; fileRef = FE126D5F2434967A00BEDD60 /* SwiftTimer.swift */; };
		FE126D642434BF8800BEDD60 /* end.mp3 in Resources */ = {isa = PBXBuildFile; fileRef = FE126D612434BF8700BEDD60 /* end.mp3 */; };
		FE126D652434BF8800BEDD60 /* call.m4a in Resources */ = {isa = PBXBuildFile; fileRef = FE126D622434BF8800BEDD60 /* call.m4a */; };
		FE126D662434BF8800BEDD60 /* begin.mp3 in Resources */ = {isa = PBXBuildFile; fileRef = FE126D632434BF8800BEDD60 /* begin.mp3 */; };
		FE49CE9F24361A1F00C36EC6 /* HapticFeedback.swift in Sources */ = {isa = PBXBuildFile; fileRef = FE49CE9E24361A1F00C36EC6 /* HapticFeedback.swift */; };
		FE49CEA1243625D700C36EC6 /* SearchViewModel.swift in Sources */ = {isa = PBXBuildFile; fileRef = FE49CEA0243625D700C36EC6 /* SearchViewModel.swift */; };
		FE4FDACD24359D7C00CD5E97 /* SearchViewController.swift in Sources */ = {isa = PBXBuildFile; fileRef = FE4FDACC24359D7C00CD5E97 /* SearchViewController.swift */; };
		FE4FDACF2435B93700CD5E97 /* FireStore.swift in Sources */ = {isa = PBXBuildFile; fileRef = FE4FDACE2435B93600CD5E97 /* FireStore.swift */; };
		FE4FDAD12435B97100CD5E97 /* JSONDecoderExtension.swift in Sources */ = {isa = PBXBuildFile; fileRef = FE4FDAD02435B97000CD5E97 /* JSONDecoderExtension.swift */; };
		FE4FDAD32435B98D00CD5E97 /* Frame.swift in Sources */ = {isa = PBXBuildFile; fileRef = FE4FDAD22435B98D00CD5E97 /* Frame.swift */; };
		FE4FDAD52435B9AF00CD5E97 /* Globe.swift in Sources */ = {isa = PBXBuildFile; fileRef = FE4FDAD42435B9AE00CD5E97 /* Globe.swift */; };
		FE4FDAD72435C5B400CD5E97 /* UserDefaultKey.swift in Sources */ = {isa = PBXBuildFile; fileRef = FE4FDAD62435C5B400CD5E97 /* UserDefaultKey.swift */; };
		FE4FDAD92435D0AB00CD5E97 /* Logger.swift in Sources */ = {isa = PBXBuildFile; fileRef = FE4FDAD82435D0AB00CD5E97 /* Logger.swift */; };
		FE4FDADB2435D70A00CD5E97 /* FireLink.swift in Sources */ = {isa = PBXBuildFile; fileRef = FE4FDADA2435D70A00CD5E97 /* FireLink.swift */; };
		FE4FDADE2435E4AC00CD5E97 /* R.generated.swift in Sources */ = {isa = PBXBuildFile; fileRef = FE4FDADD2435E4AB00CD5E97 /* R.generated.swift */; };
		FE4FDAE02435E4C600CD5E97 /* GoogleService-Info.plist in Resources */ = {isa = PBXBuildFile; fileRef = FE4FDADF2435E4C500CD5E97 /* GoogleService-Info.plist */; };
/* End PBXBuildFile section */

/* Begin PBXContainerItemProxy section */
		FE126D2B243461EB00BEDD60 /* PBXContainerItemProxy */ = {
			isa = PBXContainerItemProxy;
			containerPortal = FE126D0C243461E800BEDD60 /* Project object */;
			proxyType = 1;
			remoteGlobalIDString = FE126D13243461E800BEDD60;
			remoteInfo = WalkieTalkie;
		};
/* End PBXContainerItemProxy section */

/* Begin PBXFileReference section */
		0440049C3E826D3A5A28E7B4 /* Pods_WalkieTalkie.framework */ = {isa = PBXFileReference; explicitFileType = wrapper.framework; includeInIndex = 0; path = Pods_WalkieTalkie.framework; sourceTree = BUILT_PRODUCTS_DIR; };
		3D909EE1BC837D18DC881816 /* Pods-WalkieTalkie.debug.xcconfig */ = {isa = PBXFileReference; includeInIndex = 1; lastKnownFileType = text.xcconfig; name = "Pods-WalkieTalkie.debug.xcconfig"; path = "Target Support Files/Pods-WalkieTalkie/Pods-WalkieTalkie.debug.xcconfig"; sourceTree = "<group>"; };
		CC777A50BBEAB0C77549E07F /* Pods-WalkieTalkie.release.xcconfig */ = {isa = PBXFileReference; includeInIndex = 1; lastKnownFileType = text.xcconfig; name = "Pods-WalkieTalkie.release.xcconfig"; path = "Target Support Files/Pods-WalkieTalkie/Pods-WalkieTalkie.release.xcconfig"; sourceTree = "<group>"; };
		FE126D14243461E800BEDD60 /* WalkieTalkie.app */ = {isa = PBXFileReference; explicitFileType = wrapper.application; includeInIndex = 0; path = WalkieTalkie.app; sourceTree = BUILT_PRODUCTS_DIR; };
		FE126D17243461E800BEDD60 /* AppDelegate.swift */ = {isa = PBXFileReference; lastKnownFileType = sourcecode.swift; path = AppDelegate.swift; sourceTree = "<group>"; };
		FE126D1B243461E800BEDD60 /* ViewController.swift */ = {isa = PBXFileReference; lastKnownFileType = sourcecode.swift; path = ViewController.swift; sourceTree = "<group>"; };
		FE126D1E243461E800BEDD60 /* Base */ = {isa = PBXFileReference; lastKnownFileType = file.storyboard; name = Base; path = Base.lproj/Main.storyboard; sourceTree = "<group>"; };
		FE126D20243461EA00BEDD60 /* Assets.xcassets */ = {isa = PBXFileReference; lastKnownFileType = folder.assetcatalog; path = Assets.xcassets; sourceTree = "<group>"; };
		FE126D23243461EA00BEDD60 /* Base */ = {isa = PBXFileReference; lastKnownFileType = file.storyboard; name = Base; path = Base.lproj/LaunchScreen.storyboard; sourceTree = "<group>"; };
		FE126D25243461EA00BEDD60 /* Info.plist */ = {isa = PBXFileReference; lastKnownFileType = text.plist.xml; path = Info.plist; sourceTree = "<group>"; };
		FE126D2A243461EB00BEDD60 /* WalkieTalkieTests.xctest */ = {isa = PBXFileReference; explicitFileType = wrapper.cfbundle; includeInIndex = 0; path = WalkieTalkieTests.xctest; sourceTree = BUILT_PRODUCTS_DIR; };
		FE126D2E243461EB00BEDD60 /* WalkieTalkieTests.swift */ = {isa = PBXFileReference; lastKnownFileType = sourcecode.swift; path = WalkieTalkieTests.swift; sourceTree = "<group>"; };
		FE126D30243461EB00BEDD60 /* Info.plist */ = {isa = PBXFileReference; lastKnownFileType = text.plist.xml; path = Info.plist; sourceTree = "<group>"; };
		FE126D39243481BC00BEDD60 /* RtcManager.swift */ = {isa = PBXFileReference; fileEncoding = 4; lastKnownFileType = sourcecode.swift; path = RtcManager.swift; sourceTree = "<group>"; };
		FE126D3A243481BC00BEDD60 /* RtmManager.swift */ = {isa = PBXFileReference; fileEncoding = 4; lastKnownFileType = sourcecode.swift; path = RtmManager.swift; sourceTree = "<group>"; };
		FE126D3B243481BC00BEDD60 /* ChatRoomManager.swift */ = {isa = PBXFileReference; fileEncoding = 4; lastKnownFileType = sourcecode.swift; path = ChatRoomManager.swift; sourceTree = "<group>"; };
		FE126D3C243481BC00BEDD60 /* MessageManager.swift */ = {isa = PBXFileReference; fileEncoding = 4; lastKnownFileType = sourcecode.swift; path = MessageManager.swift; sourceTree = "<group>"; };
		FE126D3D243481BC00BEDD60 /* SeatManager.swift */ = {isa = PBXFileReference; fileEncoding = 4; lastKnownFileType = sourcecode.swift; path = SeatManager.swift; sourceTree = "<group>"; };
		FE126D43243481FD00BEDD60 /* Constant.swift */ = {isa = PBXFileReference; fileEncoding = 4; lastKnownFileType = sourcecode.swift; path = Constant.swift; sourceTree = "<group>"; };
		FE126D44243481FD00BEDD60 /* ChannelData.swift */ = {isa = PBXFileReference; fileEncoding = 4; lastKnownFileType = sourcecode.swift; path = ChannelData.swift; sourceTree = "<group>"; };
		FE126D45243481FD00BEDD60 /* Member.swift */ = {isa = PBXFileReference; fileEncoding = 4; lastKnownFileType = sourcecode.swift; path = Member.swift; sourceTree = "<group>"; };
		FE126D46243481FE00BEDD60 /* Channel.swift */ = {isa = PBXFileReference; fileEncoding = 4; lastKnownFileType = sourcecode.swift; path = Channel.swift; sourceTree = "<group>"; };
		FE126D47243481FE00BEDD60 /* AttributeKey.swift */ = {isa = PBXFileReference; fileEncoding = 4; lastKnownFileType = sourcecode.swift; path = AttributeKey.swift; sourceTree = "<group>"; };
		FE126D48243481FE00BEDD60 /* VoiceChanger.swift */ = {isa = PBXFileReference; fileEncoding = 4; lastKnownFileType = sourcecode.swift; path = VoiceChanger.swift; sourceTree = "<group>"; };
		FE126D49243481FE00BEDD60 /* Message.swift */ = {isa = PBXFileReference; fileEncoding = 4; lastKnownFileType = sourcecode.swift; path = Message.swift; sourceTree = "<group>"; };
		FE126D4A243481FE00BEDD60 /* Seat.swift */ = {isa = PBXFileReference; fileEncoding = 4; lastKnownFileType = sourcecode.swift; path = Seat.swift; sourceTree = "<group>"; };
		FE126D552434823A00BEDD60 /* AlertUtil.swift */ = {isa = PBXFileReference; fileEncoding = 4; lastKnownFileType = sourcecode.swift; path = AlertUtil.swift; sourceTree = "<group>"; };
		FE126D562434823A00BEDD60 /* MemberUtil.swift */ = {isa = PBXFileReference; fileEncoding = 4; lastKnownFileType = sourcecode.swift; path = MemberUtil.swift; sourceTree = "<group>"; };
		FE126D592434825900BEDD60 /* KeyCenter.swift */ = {isa = PBXFileReference; fileEncoding = 4; lastKnownFileType = sourcecode.swift; path = KeyCenter.swift; sourceTree = "<group>"; };
		FE126D5B2434922E00BEDD60 /* ObservableOptionalExtension.swift */ = {isa = PBXFileReference; fileEncoding = 4; lastKnownFileType = sourcecode.swift; path = ObservableOptionalExtension.swift; sourceTree = "<group>"; };
		FE126D5F2434967A00BEDD60 /* SwiftTimer.swift */ = {isa = PBXFileReference; fileEncoding = 4; lastKnownFileType = sourcecode.swift; path = SwiftTimer.swift; sourceTree = "<group>"; };
		FE126D612434BF8700BEDD60 /* end.mp3 */ = {isa = PBXFileReference; lastKnownFileType = audio.mp3; path = end.mp3; sourceTree = "<group>"; };
		FE126D622434BF8800BEDD60 /* call.m4a */ = {isa = PBXFileReference; lastKnownFileType = file; path = call.m4a; sourceTree = "<group>"; };
		FE126D632434BF8800BEDD60 /* begin.mp3 */ = {isa = PBXFileReference; lastKnownFileType = audio.mp3; path = begin.mp3; sourceTree = "<group>"; };
		FE49CE9E24361A1F00C36EC6 /* HapticFeedback.swift */ = {isa = PBXFileReference; lastKnownFileType = sourcecode.swift; path = HapticFeedback.swift; sourceTree = "<group>"; };
		FE49CEA0243625D700C36EC6 /* SearchViewModel.swift */ = {isa = PBXFileReference; lastKnownFileType = sourcecode.swift; path = SearchViewModel.swift; sourceTree = "<group>"; };
		FE4FDACC24359D7C00CD5E97 /* SearchViewController.swift */ = {isa = PBXFileReference; lastKnownFileType = sourcecode.swift; path = SearchViewController.swift; sourceTree = "<group>"; };
		FE4FDACE2435B93600CD5E97 /* FireStore.swift */ = {isa = PBXFileReference; fileEncoding = 4; lastKnownFileType = sourcecode.swift; path = FireStore.swift; sourceTree = "<group>"; };
		FE4FDAD02435B97000CD5E97 /* JSONDecoderExtension.swift */ = {isa = PBXFileReference; fileEncoding = 4; lastKnownFileType = sourcecode.swift; path = JSONDecoderExtension.swift; sourceTree = "<group>"; };
		FE4FDAD22435B98D00CD5E97 /* Frame.swift */ = {isa = PBXFileReference; fileEncoding = 4; lastKnownFileType = sourcecode.swift; path = Frame.swift; sourceTree = "<group>"; };
		FE4FDAD42435B9AE00CD5E97 /* Globe.swift */ = {isa = PBXFileReference; fileEncoding = 4; lastKnownFileType = sourcecode.swift; path = Globe.swift; sourceTree = "<group>"; };
		FE4FDAD62435C5B400CD5E97 /* UserDefaultKey.swift */ = {isa = PBXFileReference; lastKnownFileType = sourcecode.swift; path = UserDefaultKey.swift; sourceTree = "<group>"; };
		FE4FDAD82435D0AB00CD5E97 /* Logger.swift */ = {isa = PBXFileReference; lastKnownFileType = sourcecode.swift; path = Logger.swift; sourceTree = "<group>"; };
		FE4FDADA2435D70A00CD5E97 /* FireLink.swift */ = {isa = PBXFileReference; fileEncoding = 4; lastKnownFileType = sourcecode.swift; path = FireLink.swift; sourceTree = "<group>"; };
		FE4FDADD2435E4AB00CD5E97 /* R.generated.swift */ = {isa = PBXFileReference; fileEncoding = 4; lastKnownFileType = sourcecode.swift; path = R.generated.swift; sourceTree = SOURCE_ROOT; };
		FE4FDADF2435E4C500CD5E97 /* GoogleService-Info.plist */ = {isa = PBXFileReference; fileEncoding = 4; lastKnownFileType = text.plist.xml; path = "GoogleService-Info.plist"; sourceTree = "<group>"; };
/* End PBXFileReference section */

/* Begin PBXFrameworksBuildPhase section */
		FE126D11243461E800BEDD60 /* Frameworks */ = {
			isa = PBXFrameworksBuildPhase;
			buildActionMask = 2147483647;
			files = (
				6B147A28675545973D11F32D /* Pods_WalkieTalkie.framework in Frameworks */,
			);
			runOnlyForDeploymentPostprocessing = 0;
		};
		FE126D27243461EB00BEDD60 /* Frameworks */ = {
			isa = PBXFrameworksBuildPhase;
			buildActionMask = 2147483647;
			files = (
			);
			runOnlyForDeploymentPostprocessing = 0;
		};
/* End PBXFrameworksBuildPhase section */

/* Begin PBXGroup section */
		21322B40449618314E604481 /* Pods */ = {
			isa = PBXGroup;
			children = (
				3D909EE1BC837D18DC881816 /* Pods-WalkieTalkie.debug.xcconfig */,
				CC777A50BBEAB0C77549E07F /* Pods-WalkieTalkie.release.xcconfig */,
			);
			path = Pods;
			sourceTree = "<group>";
		};
		B3317840B5CFB2BDBCAA0D41 /* Frameworks */ = {
			isa = PBXGroup;
			children = (
				0440049C3E826D3A5A28E7B4 /* Pods_WalkieTalkie.framework */,
			);
			name = Frameworks;
			sourceTree = "<group>";
		};
		FE126D0B243461E800BEDD60 = {
			isa = PBXGroup;
			children = (
				FE126D16243461E800BEDD60 /* WalkieTalkie */,
				FE126D2D243461EB00BEDD60 /* WalkieTalkieTests */,
				FE126D15243461E800BEDD60 /* Products */,
				21322B40449618314E604481 /* Pods */,
				B3317840B5CFB2BDBCAA0D41 /* Frameworks */,
			);
			sourceTree = "<group>";
		};
		FE126D15243461E800BEDD60 /* Products */ = {
			isa = PBXGroup;
			children = (
				FE126D14243461E800BEDD60 /* WalkieTalkie.app */,
				FE126D2A243461EB00BEDD60 /* WalkieTalkieTests.xctest */,
			);
			name = Products;
			sourceTree = "<group>";
		};
		FE126D16243461E800BEDD60 /* WalkieTalkie */ = {
			isa = PBXGroup;
			children = (
				FE126D17243461E800BEDD60 /* AppDelegate.swift */,
				FE126D1B243461E800BEDD60 /* ViewController.swift */,
				FE4FDACC24359D7C00CD5E97 /* SearchViewController.swift */,
				FE49CEA0243625D700C36EC6 /* SearchViewModel.swift */,
				FE126D5F2434967A00BEDD60 /* SwiftTimer.swift */,
				FE126D5B2434922E00BEDD60 /* ObservableOptionalExtension.swift */,
				FE126D552434823A00BEDD60 /* AlertUtil.swift */,
				FE126D562434823A00BEDD60 /* MemberUtil.swift */,
				FE4FDACE2435B93600CD5E97 /* FireStore.swift */,
				FE4FDAD42435B9AE00CD5E97 /* Globe.swift */,
				FE4FDAD02435B97000CD5E97 /* JSONDecoderExtension.swift */,
				FE4FDAD22435B98D00CD5E97 /* Frame.swift */,
				FE4FDAD62435C5B400CD5E97 /* UserDefaultKey.swift */,
				FE4FDAD82435D0AB00CD5E97 /* Logger.swift */,
				FE49CE9E24361A1F00C36EC6 /* HapticFeedback.swift */,
				FE126D542434821900BEDD60 /* Manager */,
				FE126D532434820A00BEDD60 /* Model */,
				FE126D1D243461E800BEDD60 /* Main.storyboard */,
				FE4FDADA2435D70A00CD5E97 /* FireLink.swift */,
				FE126D632434BF8800BEDD60 /* begin.mp3 */,
				FE126D622434BF8800BEDD60 /* call.m4a */,
				FE126D612434BF8700BEDD60 /* end.mp3 */,
				FE4FDADF2435E4C500CD5E97 /* GoogleService-Info.plist */,
				FE4FDADD2435E4AB00CD5E97 /* R.generated.swift */,
				FE126D592434825900BEDD60 /* KeyCenter.swift */,
				FE126D20243461EA00BEDD60 /* Assets.xcassets */,
				FE126D22243461EA00BEDD60 /* LaunchScreen.storyboard */,
				FE126D25243461EA00BEDD60 /* Info.plist */,
			);
			path = WalkieTalkie;
			sourceTree = "<group>";
		};
		FE126D2D243461EB00BEDD60 /* WalkieTalkieTests */ = {
			isa = PBXGroup;
			children = (
				FE126D2E243461EB00BEDD60 /* WalkieTalkieTests.swift */,
				FE126D30243461EB00BEDD60 /* Info.plist */,
			);
			path = WalkieTalkieTests;
			sourceTree = "<group>";
		};
		FE126D532434820A00BEDD60 /* Model */ = {
			isa = PBXGroup;
			children = (
				FE126D47243481FE00BEDD60 /* AttributeKey.swift */,
				FE126D46243481FE00BEDD60 /* Channel.swift */,
				FE126D44243481FD00BEDD60 /* ChannelData.swift */,
				FE126D43243481FD00BEDD60 /* Constant.swift */,
				FE126D45243481FD00BEDD60 /* Member.swift */,
				FE126D49243481FE00BEDD60 /* Message.swift */,
				FE126D4A243481FE00BEDD60 /* Seat.swift */,
				FE126D48243481FE00BEDD60 /* VoiceChanger.swift */,
			);
			path = Model;
			sourceTree = "<group>";
		};
		FE126D542434821900BEDD60 /* Manager */ = {
			isa = PBXGroup;
			children = (
				FE126D3B243481BC00BEDD60 /* ChatRoomManager.swift */,
				FE126D3C243481BC00BEDD60 /* MessageManager.swift */,
				FE126D39243481BC00BEDD60 /* RtcManager.swift */,
				FE126D3A243481BC00BEDD60 /* RtmManager.swift */,
				FE126D3D243481BC00BEDD60 /* SeatManager.swift */,
			);
			path = Manager;
			sourceTree = "<group>";
		};
/* End PBXGroup section */

/* Begin PBXNativeTarget section */
		FE126D13243461E800BEDD60 /* WalkieTalkie */ = {
			isa = PBXNativeTarget;
			buildConfigurationList = FE126D33243461EB00BEDD60 /* Build configuration list for PBXNativeTarget "WalkieTalkie" */;
			buildPhases = (
				102AEFDD49D57A188D293585 /* [CP] Check Pods Manifest.lock */,
				FE4FDADC2435E32600CD5E97 /* R.swift */,
				FE126D10243461E800BEDD60 /* Sources */,
				FE126D11243461E800BEDD60 /* Frameworks */,
				FE126D12243461E800BEDD60 /* Resources */,
				172F49663C8F441673137222 /* [CP] Embed Pods Frameworks */,
			);
			buildRules = (
			);
			dependencies = (
			);
			name = WalkieTalkie;
			productName = WalkieTalkie;
			productReference = FE126D14243461E800BEDD60 /* WalkieTalkie.app */;
			productType = "com.apple.product-type.application";
		};
		FE126D29243461EB00BEDD60 /* WalkieTalkieTests */ = {
			isa = PBXNativeTarget;
			buildConfigurationList = FE126D36243461EB00BEDD60 /* Build configuration list for PBXNativeTarget "WalkieTalkieTests" */;
			buildPhases = (
				FE126D26243461EB00BEDD60 /* Sources */,
				FE126D27243461EB00BEDD60 /* Frameworks */,
				FE126D28243461EB00BEDD60 /* Resources */,
			);
			buildRules = (
			);
			dependencies = (
				FE126D2C243461EB00BEDD60 /* PBXTargetDependency */,
			);
			name = WalkieTalkieTests;
			productName = WalkieTalkieTests;
			productReference = FE126D2A243461EB00BEDD60 /* WalkieTalkieTests.xctest */;
			productType = "com.apple.product-type.bundle.unit-test";
		};
/* End PBXNativeTarget section */

/* Begin PBXProject section */
		FE126D0C243461E800BEDD60 /* Project object */ = {
			isa = PBXProject;
			attributes = {
				LastSwiftUpdateCheck = 1130;
				LastUpgradeCheck = 1130;
				ORGANIZATIONNAME = "Guru Rain";
				TargetAttributes = {
					FE126D13243461E800BEDD60 = {
						CreatedOnToolsVersion = 11.3.1;
					};
					FE126D29243461EB00BEDD60 = {
						CreatedOnToolsVersion = 11.3.1;
						TestTargetID = FE126D13243461E800BEDD60;
					};
				};
			};
			buildConfigurationList = FE126D0F243461E800BEDD60 /* Build configuration list for PBXProject "WalkieTalkie" */;
			compatibilityVersion = "Xcode 9.3";
			developmentRegion = en;
			hasScannedForEncodings = 0;
			knownRegions = (
				en,
				Base,
			);
			mainGroup = FE126D0B243461E800BEDD60;
			productRefGroup = FE126D15243461E800BEDD60 /* Products */;
			projectDirPath = "";
			projectRoot = "";
			targets = (
				FE126D13243461E800BEDD60 /* WalkieTalkie */,
				FE126D29243461EB00BEDD60 /* WalkieTalkieTests */,
			);
		};
/* End PBXProject section */

/* Begin PBXResourcesBuildPhase section */
		FE126D12243461E800BEDD60 /* Resources */ = {
			isa = PBXResourcesBuildPhase;
			buildActionMask = 2147483647;
			files = (
				FE126D24243461EA00BEDD60 /* LaunchScreen.storyboard in Resources */,
				FE126D21243461EA00BEDD60 /* Assets.xcassets in Resources */,
				FE126D642434BF8800BEDD60 /* end.mp3 in Resources */,
				FE126D1F243461E800BEDD60 /* Main.storyboard in Resources */,
				FE126D652434BF8800BEDD60 /* call.m4a in Resources */,
				FE126D662434BF8800BEDD60 /* begin.mp3 in Resources */,
				FE4FDAE02435E4C600CD5E97 /* GoogleService-Info.plist in Resources */,
			);
			runOnlyForDeploymentPostprocessing = 0;
		};
		FE126D28243461EB00BEDD60 /* Resources */ = {
			isa = PBXResourcesBuildPhase;
			buildActionMask = 2147483647;
			files = (
			);
			runOnlyForDeploymentPostprocessing = 0;
		};
/* End PBXResourcesBuildPhase section */

/* Begin PBXShellScriptBuildPhase section */
		102AEFDD49D57A188D293585 /* [CP] Check Pods Manifest.lock */ = {
			isa = PBXShellScriptBuildPhase;
			buildActionMask = 2147483647;
			files = (
			);
			inputFileListPaths = (
			);
			inputPaths = (
				"${PODS_PODFILE_DIR_PATH}/Podfile.lock",
				"${PODS_ROOT}/Manifest.lock",
			);
			name = "[CP] Check Pods Manifest.lock";
			outputFileListPaths = (
			);
			outputPaths = (
				"$(DERIVED_FILE_DIR)/Pods-WalkieTalkie-checkManifestLockResult.txt",
			);
			runOnlyForDeploymentPostprocessing = 0;
			shellPath = /bin/sh;
			shellScript = "diff \"${PODS_PODFILE_DIR_PATH}/Podfile.lock\" \"${PODS_ROOT}/Manifest.lock\" > /dev/null\nif [ $? != 0 ] ; then\n    # print error to STDERR\n    echo \"error: The sandbox is not in sync with the Podfile.lock. Run 'pod install' or update your CocoaPods installation.\" >&2\n    exit 1\nfi\n# This output is used by Xcode 'outputs' to avoid re-running this script phase.\necho \"SUCCESS\" > \"${SCRIPT_OUTPUT_FILE_0}\"\n";
			showEnvVarsInLog = 0;
		};
		172F49663C8F441673137222 /* [CP] Embed Pods Frameworks */ = {
			isa = PBXShellScriptBuildPhase;
			buildActionMask = 2147483647;
			files = (
			);
			inputFileListPaths = (
			);
			inputPaths = (
			);
			name = "[CP] Embed Pods Frameworks";
			outputFileListPaths = (
			);
			outputPaths = (
			);
			runOnlyForDeploymentPostprocessing = 0;
			shellPath = /bin/sh;
			shellScript = "\"${PODS_ROOT}/Target Support Files/Pods-WalkieTalkie/Pods-WalkieTalkie-frameworks.sh\"\n";
			showEnvVarsInLog = 0;
		};
		FE4FDADC2435E32600CD5E97 /* R.swift */ = {
			isa = PBXShellScriptBuildPhase;
			buildActionMask = 2147483647;
			files = (
			);
			inputFileListPaths = (
			);
			inputPaths = (
				"$TEMP_DIR/rswift-lastrun",
			);
			name = R.swift;
			outputFileListPaths = (
			);
			outputPaths = (
				$SRCROOT/R.generated.swift,
			);
			runOnlyForDeploymentPostprocessing = 0;
			shellPath = /bin/sh;
			shellScript = "# Type a script or drag a script file from your workspace to insert its path.\n\"$PODS_ROOT/R.swift/rswift\" generate \"$SRCROOT/R.generated.swift\"\n";
		};
/* End PBXShellScriptBuildPhase section */

/* Begin PBXSourcesBuildPhase section */
		FE126D10243461E800BEDD60 /* Sources */ = {
			isa = PBXSourcesBuildPhase;
			buildActionMask = 2147483647;
			files = (
				FE126D572434823B00BEDD60 /* AlertUtil.swift in Sources */,
				FE126D602434967A00BEDD60 /* SwiftTimer.swift in Sources */,
				FE126D1C243461E800BEDD60 /* ViewController.swift in Sources */,
				FE126D40243481BD00BEDD60 /* ChatRoomManager.swift in Sources */,
				FE4FDAD92435D0AB00CD5E97 /* Logger.swift in Sources */,
				FE126D50243481FF00BEDD60 /* VoiceChanger.swift in Sources */,
				FE126D4F243481FF00BEDD60 /* AttributeKey.swift in Sources */,
				FE126D582434823B00BEDD60 /* MemberUtil.swift in Sources */,
				FE4FDAD12435B97100CD5E97 /* JSONDecoderExtension.swift in Sources */,
				FE4FDADB2435D70A00CD5E97 /* FireLink.swift in Sources */,
				FE126D4E243481FF00BEDD60 /* Channel.swift in Sources */,
				FE4FDADE2435E4AC00CD5E97 /* R.generated.swift in Sources */,
				FE4FDAD52435B9AF00CD5E97 /* Globe.swift in Sources */,
				FE4FDAD72435C5B400CD5E97 /* UserDefaultKey.swift in Sources */,
				FE4FDAD32435B98D00CD5E97 /* Frame.swift in Sources */,
				FE126D3F243481BD00BEDD60 /* RtmManager.swift in Sources */,
				FE4FDACF2435B93700CD5E97 /* FireStore.swift in Sources */,
				FE49CE9F24361A1F00C36EC6 /* HapticFeedback.swift in Sources */,
				FE126D4B243481FF00BEDD60 /* Constant.swift in Sources */,
				FE126D41243481BD00BEDD60 /* MessageManager.swift in Sources */,
				FE126D52243481FF00BEDD60 /* Seat.swift in Sources */,
				FE126D18243461E800BEDD60 /* AppDelegate.swift in Sources */,
				FE126D4C243481FF00BEDD60 /* ChannelData.swift in Sources */,
				FE126D42243481BD00BEDD60 /* SeatManager.swift in Sources */,
				FE49CEA1243625D700C36EC6 /* SearchViewModel.swift in Sources */,
				FE4FDACD24359D7C00CD5E97 /* SearchViewController.swift in Sources */,
				FE126D3E243481BD00BEDD60 /* RtcManager.swift in Sources */,
				FE126D4D243481FF00BEDD60 /* Member.swift in Sources */,
				FE126D5A2434825900BEDD60 /* KeyCenter.swift in Sources */,
				FE126D51243481FF00BEDD60 /* Message.swift in Sources */,
				FE126D5C2434922E00BEDD60 /* ObservableOptionalExtension.swift in Sources */,
			);
			runOnlyForDeploymentPostprocessing = 0;
		};
		FE126D26243461EB00BEDD60 /* Sources */ = {
			isa = PBXSourcesBuildPhase;
			buildActionMask = 2147483647;
			files = (
				FE126D2F243461EB00BEDD60 /* WalkieTalkieTests.swift in Sources */,
			);
			runOnlyForDeploymentPostprocessing = 0;
		};
/* End PBXSourcesBuildPhase section */

/* Begin PBXTargetDependency section */
		FE126D2C243461EB00BEDD60 /* PBXTargetDependency */ = {
			isa = PBXTargetDependency;
			target = FE126D13243461E800BEDD60 /* WalkieTalkie */;
			targetProxy = FE126D2B243461EB00BEDD60 /* PBXContainerItemProxy */;
		};
/* End PBXTargetDependency section */

/* Begin PBXVariantGroup section */
		FE126D1D243461E800BEDD60 /* Main.storyboard */ = {
			isa = PBXVariantGroup;
			children = (
				FE126D1E243461E800BEDD60 /* Base */,
			);
			name = Main.storyboard;
			sourceTree = "<group>";
		};
		FE126D22243461EA00BEDD60 /* LaunchScreen.storyboard */ = {
			isa = PBXVariantGroup;
			children = (
				FE126D23243461EA00BEDD60 /* Base */,
			);
			name = LaunchScreen.storyboard;
			sourceTree = "<group>";
		};
/* End PBXVariantGroup section */

/* Begin XCBuildConfiguration section */
		FE126D31243461EB00BEDD60 /* Debug */ = {
			isa = XCBuildConfiguration;
			buildSettings = {
				ALWAYS_SEARCH_USER_PATHS = NO;
				CLANG_ANALYZER_NONNULL = YES;
				CLANG_ANALYZER_NUMBER_OBJECT_CONVERSION = YES_AGGRESSIVE;
				CLANG_CXX_LANGUAGE_STANDARD = "gnu++14";
				CLANG_CXX_LIBRARY = "libc++";
				CLANG_ENABLE_MODULES = YES;
				CLANG_ENABLE_OBJC_ARC = YES;
				CLANG_ENABLE_OBJC_WEAK = YES;
				CLANG_WARN_BLOCK_CAPTURE_AUTORELEASING = YES;
				CLANG_WARN_BOOL_CONVERSION = YES;
				CLANG_WARN_COMMA = YES;
				CLANG_WARN_CONSTANT_CONVERSION = YES;
				CLANG_WARN_DEPRECATED_OBJC_IMPLEMENTATIONS = YES;
				CLANG_WARN_DIRECT_OBJC_ISA_USAGE = YES_ERROR;
				CLANG_WARN_DOCUMENTATION_COMMENTS = YES;
				CLANG_WARN_EMPTY_BODY = YES;
				CLANG_WARN_ENUM_CONVERSION = YES;
				CLANG_WARN_INFINITE_RECURSION = YES;
				CLANG_WARN_INT_CONVERSION = YES;
				CLANG_WARN_NON_LITERAL_NULL_CONVERSION = YES;
				CLANG_WARN_OBJC_IMPLICIT_RETAIN_SELF = YES;
				CLANG_WARN_OBJC_LITERAL_CONVERSION = YES;
				CLANG_WARN_OBJC_ROOT_CLASS = YES_ERROR;
				CLANG_WARN_RANGE_LOOP_ANALYSIS = YES;
				CLANG_WARN_STRICT_PROTOTYPES = YES;
				CLANG_WARN_SUSPICIOUS_MOVE = YES;
				CLANG_WARN_UNGUARDED_AVAILABILITY = YES_AGGRESSIVE;
				CLANG_WARN_UNREACHABLE_CODE = YES;
				CLANG_WARN__DUPLICATE_METHOD_MATCH = YES;
				COPY_PHASE_STRIP = NO;
				DEBUG_INFORMATION_FORMAT = dwarf;
				ENABLE_STRICT_OBJC_MSGSEND = YES;
				ENABLE_TESTABILITY = YES;
				GCC_C_LANGUAGE_STANDARD = gnu11;
				GCC_DYNAMIC_NO_PIC = NO;
				GCC_NO_COMMON_BLOCKS = YES;
				GCC_OPTIMIZATION_LEVEL = 0;
				GCC_PREPROCESSOR_DEFINITIONS = (
					"DEBUG=1",
					"$(inherited)",
				);
				GCC_WARN_64_TO_32_BIT_CONVERSION = YES;
				GCC_WARN_ABOUT_RETURN_TYPE = YES_ERROR;
				GCC_WARN_UNDECLARED_SELECTOR = YES;
				GCC_WARN_UNINITIALIZED_AUTOS = YES_AGGRESSIVE;
				GCC_WARN_UNUSED_FUNCTION = YES;
				GCC_WARN_UNUSED_VARIABLE = YES;
				IPHONEOS_DEPLOYMENT_TARGET = 13.2;
				MTL_ENABLE_DEBUG_INFO = INCLUDE_SOURCE;
				MTL_FAST_MATH = YES;
				ONLY_ACTIVE_ARCH = YES;
				SDKROOT = iphoneos;
				SWIFT_ACTIVE_COMPILATION_CONDITIONS = DEBUG;
				SWIFT_OPTIMIZATION_LEVEL = "-Onone";
			};
			name = Debug;
		};
		FE126D32243461EB00BEDD60 /* Release */ = {
			isa = XCBuildConfiguration;
			buildSettings = {
				ALWAYS_SEARCH_USER_PATHS = NO;
				CLANG_ANALYZER_NONNULL = YES;
				CLANG_ANALYZER_NUMBER_OBJECT_CONVERSION = YES_AGGRESSIVE;
				CLANG_CXX_LANGUAGE_STANDARD = "gnu++14";
				CLANG_CXX_LIBRARY = "libc++";
				CLANG_ENABLE_MODULES = YES;
				CLANG_ENABLE_OBJC_ARC = YES;
				CLANG_ENABLE_OBJC_WEAK = YES;
				CLANG_WARN_BLOCK_CAPTURE_AUTORELEASING = YES;
				CLANG_WARN_BOOL_CONVERSION = YES;
				CLANG_WARN_COMMA = YES;
				CLANG_WARN_CONSTANT_CONVERSION = YES;
				CLANG_WARN_DEPRECATED_OBJC_IMPLEMENTATIONS = YES;
				CLANG_WARN_DIRECT_OBJC_ISA_USAGE = YES_ERROR;
				CLANG_WARN_DOCUMENTATION_COMMENTS = YES;
				CLANG_WARN_EMPTY_BODY = YES;
				CLANG_WARN_ENUM_CONVERSION = YES;
				CLANG_WARN_INFINITE_RECURSION = YES;
				CLANG_WARN_INT_CONVERSION = YES;
				CLANG_WARN_NON_LITERAL_NULL_CONVERSION = YES;
				CLANG_WARN_OBJC_IMPLICIT_RETAIN_SELF = YES;
				CLANG_WARN_OBJC_LITERAL_CONVERSION = YES;
				CLANG_WARN_OBJC_ROOT_CLASS = YES_ERROR;
				CLANG_WARN_RANGE_LOOP_ANALYSIS = YES;
				CLANG_WARN_STRICT_PROTOTYPES = YES;
				CLANG_WARN_SUSPICIOUS_MOVE = YES;
				CLANG_WARN_UNGUARDED_AVAILABILITY = YES_AGGRESSIVE;
				CLANG_WARN_UNREACHABLE_CODE = YES;
				CLANG_WARN__DUPLICATE_METHOD_MATCH = YES;
				COPY_PHASE_STRIP = NO;
				DEBUG_INFORMATION_FORMAT = "dwarf-with-dsym";
				ENABLE_NS_ASSERTIONS = NO;
				ENABLE_STRICT_OBJC_MSGSEND = YES;
				GCC_C_LANGUAGE_STANDARD = gnu11;
				GCC_NO_COMMON_BLOCKS = YES;
				GCC_WARN_64_TO_32_BIT_CONVERSION = YES;
				GCC_WARN_ABOUT_RETURN_TYPE = YES_ERROR;
				GCC_WARN_UNDECLARED_SELECTOR = YES;
				GCC_WARN_UNINITIALIZED_AUTOS = YES_AGGRESSIVE;
				GCC_WARN_UNUSED_FUNCTION = YES;
				GCC_WARN_UNUSED_VARIABLE = YES;
				IPHONEOS_DEPLOYMENT_TARGET = 13.2;
				MTL_ENABLE_DEBUG_INFO = NO;
				MTL_FAST_MATH = YES;
				SDKROOT = iphoneos;
				SWIFT_COMPILATION_MODE = wholemodule;
				SWIFT_OPTIMIZATION_LEVEL = "-O";
				VALIDATE_PRODUCT = YES;
			};
			name = Release;
		};
		FE126D34243461EB00BEDD60 /* Debug */ = {
			isa = XCBuildConfiguration;
			baseConfigurationReference = 3D909EE1BC837D18DC881816 /* Pods-WalkieTalkie.debug.xcconfig */;
			buildSettings = {
				ASSETCATALOG_COMPILER_APPICON_NAME = AppIcon;
				CODE_SIGN_IDENTITY = "Apple Development";
				CODE_SIGN_STYLE = Automatic;
				DEVELOPMENT_TEAM = 69MW7VVKA9;
				INFOPLIST_FILE = WalkieTalkie/Info.plist;
				IPHONEOS_DEPLOYMENT_TARGET = 10.0;
				LD_RUNPATH_SEARCH_PATHS = (
					"$(inherited)",
					"@executable_path/Frameworks",
				);
				PRODUCT_BUNDLE_IDENTIFIER = com.talkie.walkie;
				PRODUCT_NAME = "$(TARGET_NAME)";
				PROVISIONING_PROFILE_SPECIFIER = "";
				SWIFT_VERSION = 5.0;
				TARGETED_DEVICE_FAMILY = "1,2";
			};
			name = Debug;
		};
		FE126D35243461EB00BEDD60 /* Release */ = {
			isa = XCBuildConfiguration;
			baseConfigurationReference = CC777A50BBEAB0C77549E07F /* Pods-WalkieTalkie.release.xcconfig */;
			buildSettings = {
				ASSETCATALOG_COMPILER_APPICON_NAME = AppIcon;
				CODE_SIGN_IDENTITY = "iPhone Developer";
				CODE_SIGN_STYLE = Manual;
				DEVELOPMENT_TEAM = 69MW7VVKA9;
				INFOPLIST_FILE = WalkieTalkie/Info.plist;
				IPHONEOS_DEPLOYMENT_TARGET = 10.0;
				LD_RUNPATH_SEARCH_PATHS = (
					"$(inherited)",
					"@executable_path/Frameworks",
				);
				PRODUCT_BUNDLE_IDENTIFIER = com.talkie.walkie;
				PRODUCT_NAME = "$(TARGET_NAME)";
				PROVISIONING_PROFILE_SPECIFIER = "WalkieTalkie-DEV";
				SWIFT_VERSION = 5.0;
				TARGETED_DEVICE_FAMILY = "1,2";
			};
			name = Release;
		};
		FE126D37243461EB00BEDD60 /* Debug */ = {
			isa = XCBuildConfiguration;
			buildSettings = {
				ALWAYS_EMBED_SWIFT_STANDARD_LIBRARIES = YES;
				BUNDLE_LOADER = "$(TEST_HOST)";
				CODE_SIGN_STYLE = Automatic;
				DEVELOPMENT_TEAM = 69MW7VVKA9;
				INFOPLIST_FILE = WalkieTalkieTests/Info.plist;
				IPHONEOS_DEPLOYMENT_TARGET = 13.2;
				LD_RUNPATH_SEARCH_PATHS = (
					"$(inherited)",
					"@executable_path/Frameworks",
					"@loader_path/Frameworks",
				);
				PRODUCT_BUNDLE_IDENTIFIER = com.walkietalkie.WalkieTalkieTests;
				PRODUCT_NAME = "$(TARGET_NAME)";
				SWIFT_VERSION = 5.0;
				TARGETED_DEVICE_FAMILY = "1,2";
				TEST_HOST = "$(BUILT_PRODUCTS_DIR)/WalkieTalkie.app/WalkieTalkie";
			};
			name = Debug;
		};
		FE126D38243461EB00BEDD60 /* Release */ = {
			isa = XCBuildConfiguration;
			buildSettings = {
				ALWAYS_EMBED_SWIFT_STANDARD_LIBRARIES = YES;
				BUNDLE_LOADER = "$(TEST_HOST)";
				CODE_SIGN_STYLE = Automatic;
				DEVELOPMENT_TEAM = 69MW7VVKA9;
				INFOPLIST_FILE = WalkieTalkieTests/Info.plist;
				IPHONEOS_DEPLOYMENT_TARGET = 13.2;
				LD_RUNPATH_SEARCH_PATHS = (
					"$(inherited)",
					"@executable_path/Frameworks",
					"@loader_path/Frameworks",
				);
				PRODUCT_BUNDLE_IDENTIFIER = com.walkietalkie.WalkieTalkieTests;
				PRODUCT_NAME = "$(TARGET_NAME)";
				SWIFT_VERSION = 5.0;
				TARGETED_DEVICE_FAMILY = "1,2";
				TEST_HOST = "$(BUILT_PRODUCTS_DIR)/WalkieTalkie.app/WalkieTalkie";
			};
			name = Release;
		};
/* End XCBuildConfiguration section */

/* Begin XCConfigurationList section */
		FE126D0F243461E800BEDD60 /* Build configuration list for PBXProject "WalkieTalkie" */ = {
			isa = XCConfigurationList;
			buildConfigurations = (
				FE126D31243461EB00BEDD60 /* Debug */,
				FE126D32243461EB00BEDD60 /* Release */,
			);
			defaultConfigurationIsVisible = 0;
			defaultConfigurationName = Release;
		};
		FE126D33243461EB00BEDD60 /* Build configuration list for PBXNativeTarget "WalkieTalkie" */ = {
			isa = XCConfigurationList;
			buildConfigurations = (
				FE126D34243461EB00BEDD60 /* Debug */,
				FE126D35243461EB00BEDD60 /* Release */,
			);
			defaultConfigurationIsVisible = 0;
			defaultConfigurationName = Release;
		};
		FE126D36243461EB00BEDD60 /* Build configuration list for PBXNativeTarget "WalkieTalkieTests" */ = {
			isa = XCConfigurationList;
			buildConfigurations = (
				FE126D37243461EB00BEDD60 /* Debug */,
				FE126D38243461EB00BEDD60 /* Release */,
			);
			defaultConfigurationIsVisible = 0;
			defaultConfigurationName = Release;
		};
/* End XCConfigurationList section */
	};
	rootObject = FE126D0C243461E800BEDD60 /* Project object */;
}
