PODS:
  - abseil/algorithm (0.20200225.0):
    - abseil/algorithm/algorithm (= 0.20200225.0)
    - abseil/algorithm/container (= 0.20200225.0)
  - abseil/algorithm/algorithm (0.20200225.0):
    - abseil/base/config
  - abseil/algorithm/container (0.20200225.0):
    - abseil/algorithm/algorithm
    - abseil/base/core_headers
    - abseil/meta/type_traits
  - abseil/base (0.20200225.0):
    - abseil/base/atomic_hook (= 0.20200225.0)
    - abseil/base/base (= 0.20200225.0)
    - abseil/base/base_internal (= 0.20200225.0)
    - abseil/base/bits (= 0.20200225.0)
    - abseil/base/config (= 0.20200225.0)
    - abseil/base/core_headers (= 0.20200225.0)
    - abseil/base/dynamic_annotations (= 0.20200225.0)
    - abseil/base/endian (= 0.20200225.0)
    - abseil/base/errno_saver (= 0.20200225.0)
    - abseil/base/exponential_biased (= 0.20200225.0)
    - abseil/base/log_severity (= 0.20200225.0)
    - abseil/base/malloc_internal (= 0.20200225.0)
    - abseil/base/periodic_sampler (= 0.20200225.0)
    - abseil/base/pretty_function (= 0.20200225.0)
    - abseil/base/raw_logging_internal (= 0.20200225.0)
    - abseil/base/spinlock_wait (= 0.20200225.0)
    - abseil/base/throw_delegate (= 0.20200225.0)
  - abseil/base/atomic_hook (0.20200225.0):
    - abseil/base/config
    - abseil/base/core_headers
  - abseil/base/base (0.20200225.0):
    - abseil/base/atomic_hook
    - abseil/base/base_internal
    - abseil/base/config
    - abseil/base/core_headers
    - abseil/base/dynamic_annotations
    - abseil/base/log_severity
    - abseil/base/raw_logging_internal
    - abseil/base/spinlock_wait
    - abseil/meta/type_traits
  - abseil/base/base_internal (0.20200225.0):
    - abseil/base/config
    - abseil/meta/type_traits
  - abseil/base/bits (0.20200225.0):
    - abseil/base/config
    - abseil/base/core_headers
  - abseil/base/config (0.20200225.0)
  - abseil/base/core_headers (0.20200225.0):
    - abseil/base/config
  - abseil/base/dynamic_annotations (0.20200225.0)
  - abseil/base/endian (0.20200225.0):
    - abseil/base/config
    - abseil/base/core_headers
  - abseil/base/errno_saver (0.20200225.0):
    - abseil/base/config
  - abseil/base/exponential_biased (0.20200225.0):
    - abseil/base/config
    - abseil/base/core_headers
  - abseil/base/log_severity (0.20200225.0):
    - abseil/base/config
    - abseil/base/core_headers
  - abseil/base/malloc_internal (0.20200225.0):
    - abseil/base/base
    - abseil/base/base_internal
    - abseil/base/config
    - abseil/base/core_headers
    - abseil/base/dynamic_annotations
    - abseil/base/raw_logging_internal
  - abseil/base/periodic_sampler (0.20200225.0):
    - abseil/base/core_headers
    - abseil/base/exponential_biased
  - abseil/base/pretty_function (0.20200225.0)
  - abseil/base/raw_logging_internal (0.20200225.0):
    - abseil/base/atomic_hook
    - abseil/base/config
    - abseil/base/core_headers
    - abseil/base/log_severity
  - abseil/base/spinlock_wait (0.20200225.0):
    - abseil/base/base_internal
    - abseil/base/core_headers
    - abseil/base/errno_saver
  - abseil/base/throw_delegate (0.20200225.0):
    - abseil/base/config
    - abseil/base/raw_logging_internal
  - abseil/container/compressed_tuple (0.20200225.0):
    - abseil/utility/utility
  - abseil/container/inlined_vector (0.20200225.0):
    - abseil/algorithm/algorithm
    - abseil/base/core_headers
    - abseil/base/throw_delegate
    - abseil/container/inlined_vector_internal
    - abseil/memory/memory
  - abseil/container/inlined_vector_internal (0.20200225.0):
    - abseil/base/core_headers
    - abseil/container/compressed_tuple
    - abseil/memory/memory
    - abseil/meta/type_traits
    - abseil/types/span
  - abseil/memory (0.20200225.0):
    - abseil/memory/memory (= 0.20200225.0)
  - abseil/memory/memory (0.20200225.0):
    - abseil/base/core_headers
    - abseil/meta/type_traits
  - abseil/meta (0.20200225.0):
    - abseil/meta/type_traits (= 0.20200225.0)
  - abseil/meta/type_traits (0.20200225.0):
    - abseil/base/config
  - abseil/numeric/int128 (0.20200225.0):
    - abseil/base/config
    - abseil/base/core_headers
  - abseil/strings/internal (0.20200225.0):
    - abseil/base/config
    - abseil/base/core_headers
    - abseil/base/endian
    - abseil/base/raw_logging_internal
    - abseil/meta/type_traits
  - abseil/strings/str_format (0.20200225.0):
    - abseil/strings/str_format_internal
  - abseil/strings/str_format_internal (0.20200225.0):
    - abseil/base/config
    - abseil/base/core_headers
    - abseil/meta/type_traits
    - abseil/numeric/int128
    - abseil/strings/strings
    - abseil/types/span
  - abseil/strings/strings (0.20200225.0):
    - abseil/base/base
    - abseil/base/bits
    - abseil/base/config
    - abseil/base/core_headers
    - abseil/base/endian
    - abseil/base/raw_logging_internal
    - abseil/base/throw_delegate
    - abseil/memory/memory
    - abseil/meta/type_traits
    - abseil/numeric/int128
    - abseil/strings/internal
  - abseil/time (0.20200225.0):
    - abseil/time/internal (= 0.20200225.0)
    - abseil/time/time (= 0.20200225.0)
  - abseil/time/internal (0.20200225.0):
    - abseil/time/internal/cctz (= 0.20200225.0)
  - abseil/time/internal/cctz (0.20200225.0):
    - abseil/time/internal/cctz/civil_time (= 0.20200225.0)
    - abseil/time/internal/cctz/time_zone (= 0.20200225.0)
  - abseil/time/internal/cctz/civil_time (0.20200225.0):
    - abseil/base/config
  - abseil/time/internal/cctz/time_zone (0.20200225.0):
    - abseil/base/config
    - abseil/time/internal/cctz/civil_time
  - abseil/time/time (0.20200225.0):
    - abseil/base/base
    - abseil/base/core_headers
    - abseil/base/raw_logging_internal
    - abseil/numeric/int128
    - abseil/strings/strings
    - abseil/time/internal/cctz/civil_time
    - abseil/time/internal/cctz/time_zone
  - abseil/types (0.20200225.0):
    - abseil/types/any (= 0.20200225.0)
    - abseil/types/bad_any_cast (= 0.20200225.0)
    - abseil/types/bad_any_cast_impl (= 0.20200225.0)
    - abseil/types/bad_optional_access (= 0.20200225.0)
    - abseil/types/bad_variant_access (= 0.20200225.0)
    - abseil/types/compare (= 0.20200225.0)
    - abseil/types/optional (= 0.20200225.0)
    - abseil/types/span (= 0.20200225.0)
    - abseil/types/variant (= 0.20200225.0)
  - abseil/types/any (0.20200225.0):
    - abseil/base/config
    - abseil/base/core_headers
    - abseil/meta/type_traits
    - abseil/types/bad_any_cast
    - abseil/utility/utility
  - abseil/types/bad_any_cast (0.20200225.0):
    - abseil/base/config
    - abseil/types/bad_any_cast_impl
  - abseil/types/bad_any_cast_impl (0.20200225.0):
    - abseil/base/config
    - abseil/base/raw_logging_internal
  - abseil/types/bad_optional_access (0.20200225.0):
    - abseil/base/config
    - abseil/base/raw_logging_internal
  - abseil/types/bad_variant_access (0.20200225.0):
    - abseil/base/config
    - abseil/base/raw_logging_internal
  - abseil/types/compare (0.20200225.0):
    - abseil/base/core_headers
    - abseil/meta/type_traits
  - abseil/types/optional (0.20200225.0):
    - abseil/base/base_internal
    - abseil/base/config
    - abseil/base/core_headers
    - abseil/memory/memory
    - abseil/meta/type_traits
    - abseil/types/bad_optional_access
    - abseil/utility/utility
  - abseil/types/span (0.20200225.0):
    - abseil/algorithm/algorithm
    - abseil/base/core_headers
    - abseil/base/throw_delegate
    - abseil/meta/type_traits
  - abseil/types/variant (0.20200225.0):
    - abseil/base/base_internal
    - abseil/base/config
    - abseil/base/core_headers
    - abseil/meta/type_traits
    - abseil/types/bad_variant_access
    - abseil/utility/utility
  - abseil/utility/utility (0.20200225.0):
    - abseil/base/base_internal
    - abseil/base/config
    - abseil/meta/type_traits
  - Adjust (4.21.0):
    - Adjust/Core (= 4.21.0)
  - Adjust/Core (4.21.0)
  - AgoraAudio_iOS (3.1.0)
  - AgoraRtm_iOS (1.4.1)
  - Alamofire (5.2.1)
  - AppAuth (1.4.0):
    - AppAuth/Core (= 1.4.0)
    - AppAuth/ExternalUserAgent (= 1.4.0)
  - AppAuth/Core (1.4.0)
  - AppAuth/ExternalUserAgent (1.4.0)
  - BetterSegmentedControl (1.3.0)
  - Bolts (1.9.0):
    - Bolts/AppLinks (= 1.9.0)
    - Bolts/Tasks (= 1.9.0)
  - Bolts/AppLinks (1.9.0):
    - Bolts/Tasks
  - Bolts/Tasks (1.9.0)
  - BoringSSL-GRPC (0.0.7):
    - BoringSSL-GRPC/Implementation (= 0.0.7)
    - BoringSSL-GRPC/Interface (= 0.0.7)
  - BoringSSL-GRPC/Implementation (0.0.7):
    - BoringSSL-GRPC/Interface (= 0.0.7)
  - BoringSSL-GRPC/Interface (0.0.7)
  - BytedanceOpenPlatformSDK (3.0.1)
  - CastboxDebuger (1.3.2):
    - SSZipArchive (~> 2.1.4)
    - SwiftyBeaver (~> 1.9.0)
  - DeviceKit (4.2.1)
  - DoraemonKit/Core (3.0.2)
  - Firebase/Analytics (6.25.0):
    - Firebase/Core
  - Firebase/Auth (6.25.0):
    - Firebase/CoreOnly
    - FirebaseAuth (~> 6.5.3)
  - Firebase/Core (6.25.0):
    - Firebase/CoreOnly
    - FirebaseAnalytics (= 6.5.1)
  - Firebase/CoreOnly (6.25.0):
    - FirebaseCore (= 6.7.1)
  - Firebase/Crashlytics (6.25.0):
    - Firebase/CoreOnly
    - FirebaseCrashlytics (~> 4.1.0)
  - Firebase/DynamicLinks (6.25.0):
    - Firebase/CoreOnly
    - FirebaseDynamicLinks (~> 4.0.8)
  - Firebase/Firestore (6.25.0):
    - Firebase/CoreOnly
    - FirebaseFirestore (~> 1.14.0)
  - Firebase/InAppMessaging (6.25.0):
    - Firebase/CoreOnly
    - FirebaseInAppMessaging (~> 0.20.1)
  - Firebase/InAppMessagingDisplay (6.25.0):
    - Firebase/CoreOnly
    - FirebaseInAppMessagingDisplay (~> 0.17.0)
  - Firebase/Messaging (6.25.0):
    - Firebase/CoreOnly
    - FirebaseMessaging (~> 4.4.1)
  - Firebase/RemoteConfig (6.25.0):
    - Firebase/CoreOnly
    - FirebaseRemoteConfig (~> 4.4.11)
  - FirebaseABTesting (3.2.0):
    - FirebaseAnalyticsInterop (~> 1.3)
    - FirebaseCore (~> 6.1)
    - Protobuf (>= 3.9.2, ~> 3.9)
  - FirebaseAnalytics (6.5.1):
    - FirebaseCore (~> 6.7)
    - FirebaseInstallations (~> 1.2)
    - GoogleAppMeasurement (= 6.5.1)
    - GoogleUtilities/AppDelegateSwizzler (~> 6.0)
    - GoogleUtilities/MethodSwizzler (~> 6.0)
    - GoogleUtilities/Network (~> 6.0)
    - "GoogleUtilities/NSData+zlib (~> 6.0)"
    - nanopb (~> 1.30905.0)
  - FirebaseAnalyticsInterop (1.5.0)
  - FirebaseAuth (6.5.3):
    - FirebaseAuthInterop (~> 1.0)
    - FirebaseCore (~> 6.6)
    - GoogleUtilities/AppDelegateSwizzler (~> 6.5)
    - GoogleUtilities/Environment (~> 6.5)
    - GTMSessionFetcher/Core (~> 1.1)
  - FirebaseAuthInterop (1.1.0)
  - FirebaseCore (6.7.1):
    - FirebaseCoreDiagnostics (~> 1.3)
    - FirebaseCoreDiagnosticsInterop (~> 1.2)
    - GoogleUtilities/Environment (~> 6.5)
    - GoogleUtilities/Logger (~> 6.5)
  - FirebaseCoreDiagnostics (1.3.0):
    - FirebaseCoreDiagnosticsInterop (~> 1.2)
    - GoogleDataTransportCCTSupport (~> 3.1)
    - GoogleUtilities/Environment (~> 6.5)
    - GoogleUtilities/Logger (~> 6.5)
    - nanopb (~> 1.30905.0)
  - FirebaseCoreDiagnosticsInterop (1.2.0)
  - FirebaseCrashlytics (4.1.1):
    - FirebaseAnalyticsInterop (~> 1.2)
    - FirebaseCore (~> 6.6)
    - FirebaseInstallations (~> 1.1)
    - GoogleDataTransport (~> 6.1)
    - GoogleDataTransportCCTSupport (~> 3.1)
    - nanopb (~> 1.30905.0)
    - PromisesObjC (~> 1.2)
  - FirebaseDynamicLinks (4.0.8):
    - FirebaseAnalyticsInterop (~> 1.3)
    - FirebaseCore (~> 6.2)
  - FirebaseFirestore (1.14.0):
    - abseil/algorithm (= 0.20200225.0)
    - abseil/base (= 0.20200225.0)
    - abseil/memory (= 0.20200225.0)
    - abseil/meta (= 0.20200225.0)
    - abseil/strings/strings (= 0.20200225.0)
    - abseil/time (= 0.20200225.0)
    - abseil/types (= 0.20200225.0)
    - FirebaseAuthInterop (~> 1.0)
    - FirebaseCore (~> 6.2)
    - "gRPC-C++ (~> 1.28.0)"
    - leveldb-library (~> 1.22)
    - nanopb (~> 1.30905.0)
  - FirebaseInAppMessaging (0.20.1):
    - FirebaseABTesting (~> 3.2)
    - FirebaseAnalyticsInterop (~> 1.3)
    - FirebaseCore (~> 6.2)
    - FirebaseInstallations (~> 1.1)
    - GoogleDataTransportCCTSupport (~> 3.1)
    - GoogleUtilities/Environment (~> 6.5)
    - nanopb (~> 1.30905.0)
  - FirebaseInAppMessagingDisplay (0.17.0)
  - FirebaseInstallations (1.2.0):
    - FirebaseCore (~> 6.6)
    - GoogleUtilities/Environment (~> 6.6)
    - GoogleUtilities/UserDefaults (~> 6.6)
    - PromisesObjC (~> 1.2)
  - FirebaseInstanceID (4.3.4):
    - FirebaseCore (~> 6.6)
    - FirebaseInstallations (~> 1.0)
    - GoogleUtilities/Environment (~> 6.5)
    - GoogleUtilities/UserDefaults (~> 6.5)
  - FirebaseMessaging (4.4.1):
    - FirebaseAnalyticsInterop (~> 1.5)
    - FirebaseCore (~> 6.6)
    - FirebaseInstanceID (~> 4.3)
    - GoogleUtilities/AppDelegateSwizzler (~> 6.5)
    - GoogleUtilities/Environment (~> 6.5)
    - GoogleUtilities/Reachability (~> 6.5)
    - GoogleUtilities/UserDefaults (~> 6.5)
    - Protobuf (>= 3.9.2, ~> 3.9)
  - FirebaseRemoteConfig (4.4.11):
    - FirebaseABTesting (~> 3.1)
    - FirebaseAnalyticsInterop (~> 1.4)
    - FirebaseCore (~> 6.2)
    - FirebaseInstallations (~> 1.1)
    - GoogleUtilities/Environment (~> 6.2)
    - "GoogleUtilities/NSData+zlib (~> 6.2)"
    - Protobuf (>= 3.9.2, ~> 3.9)
  - Google-Mobile-Ads-SDK (7.66.0):
    - GoogleAppMeasurement (~> 6.0)
    - GoogleUserMessagingPlatform (~> 1.1)
  - GoogleAppMeasurement (6.5.1):
    - GoogleUtilities/AppDelegateSwizzler (~> 6.0)
    - GoogleUtilities/MethodSwizzler (~> 6.0)
    - GoogleUtilities/Network (~> 6.0)
    - "GoogleUtilities/NSData+zlib (~> 6.0)"
    - nanopb (~> 1.30905.0)
  - GoogleDataTransport (6.1.1)
  - GoogleDataTransportCCTSupport (3.1.0):
    - GoogleDataTransport (~> 6.1)
    - nanopb (~> 1.30905.0)
  - GoogleSignIn (5.0.2):
    - AppAuth (~> 1.2)
    - GTMAppAuth (~> 1.0)
    - GTMSessionFetcher/Core (~> 1.1)
  - GoogleUserMessagingPlatform (1.4.0)
  - GoogleUtilities/AppDelegateSwizzler (6.6.0):
    - GoogleUtilities/Environment
    - GoogleUtilities/Logger
    - GoogleUtilities/Network
  - GoogleUtilities/Environment (6.6.0):
    - PromisesObjC (~> 1.2)
  - GoogleUtilities/Logger (6.6.0):
    - GoogleUtilities/Environment
  - GoogleUtilities/MethodSwizzler (6.6.0):
    - GoogleUtilities/Logger
  - GoogleUtilities/Network (6.6.0):
    - GoogleUtilities/Logger
    - "GoogleUtilities/NSData+zlib"
    - GoogleUtilities/Reachability
  - "GoogleUtilities/NSData+zlib (6.6.0)"
  - GoogleUtilities/Reachability (6.6.0):
    - GoogleUtilities/Logger
  - GoogleUtilities/UserDefaults (6.6.0):
    - GoogleUtilities/Logger
  - "gRPC-C++ (1.28.2)":
    - "gRPC-C++/Implementation (= 1.28.2)"
    - "gRPC-C++/Interface (= 1.28.2)"
  - "gRPC-C++/Implementation (1.28.2)":
    - abseil/container/inlined_vector (= 0.20200225.0)
    - abseil/memory/memory (= 0.20200225.0)
    - abseil/strings/str_format (= 0.20200225.0)
    - abseil/strings/strings (= 0.20200225.0)
    - abseil/types/optional (= 0.20200225.0)
    - "gRPC-C++/Interface (= 1.28.2)"
    - gRPC-Core (= 1.28.2)
  - "gRPC-C++/Interface (1.28.2)"
  - gRPC-Core (1.28.2):
    - gRPC-Core/Implementation (= 1.28.2)
    - gRPC-Core/Interface (= 1.28.2)
  - gRPC-Core/Implementation (1.28.2):
    - abseil/container/inlined_vector (= 0.20200225.0)
    - abseil/memory/memory (= 0.20200225.0)
    - abseil/strings/str_format (= 0.20200225.0)
    - abseil/strings/strings (= 0.20200225.0)
    - abseil/types/optional (= 0.20200225.0)
    - BoringSSL-GRPC (= 0.0.7)
    - gRPC-Core/Interface (= 1.28.2)
  - gRPC-Core/Interface (1.28.2)
  - GTMAppAuth (1.1.0):
    - AppAuth/Core (~> 1.4)
    - GTMSessionFetcher (~> 1.4)
  - GTMSessionFetcher (1.4.0):
    - GTMSessionFetcher/Full (= 1.4.0)
  - GTMSessionFetcher/Core (1.4.0)
  - GTMSessionFetcher/Full (1.4.0):
    - GTMSessionFetcher/Core (= 1.4.0)
  - IQKeyboardManagerSwift (6.2.1)
  - JLRoutes (2.1)
  - JXCategoryView (1.5.5)
  - JXPagingView/Paging (2.0.3)
  - JXSegmentedView (1.0.6)
  - Kingfisher (5.15.8):
    - Kingfisher/Core (= 5.15.8)
  - Kingfisher/Core (5.15.8)
  - leveldb-library (1.22)
  - loady (1.0.5)
  - MBProgressHUD (1.0.0)
  - MoPub-AdMob-Adapters (7.66.0.1):
    - MoPub-AdMob-Adapters/MoPub (= 7.66.0.1)
    - MoPub-AdMob-Adapters/Network (= 7.66.0.1)
  - MoPub-AdMob-Adapters/MoPub (7.66.0.1):
    - mopub-ios-sdk/Core (~> 5.13)
    - mopub-ios-sdk/NativeAds (~> 5.13)
  - MoPub-AdMob-Adapters/Network (7.66.0.1):
    - Google-Mobile-Ads-SDK (= 7.66.0)
    - mopub-ios-sdk/Core (~> 5.13)
    - mopub-ios-sdk/NativeAds (~> 5.13)
  - mopub-ios-sdk/Core (5.15.0)
  - mopub-ios-sdk/NativeAds (5.15.0):
    - mopub-ios-sdk/Core
  - MoPub-UnityAds-Adapters (3.4.8.1):
    - MoPub-UnityAds-Adapters/MoPub (= 3.4.8.1)
    - MoPub-UnityAds-Adapters/Network (= 3.4.8.1)
  - MoPub-UnityAds-Adapters/MoPub (3.4.8.1):
    - mopub-ios-sdk/Core (~> 5.13)
  - MoPub-UnityAds-Adapters/Network (3.4.8.1):
    - mopub-ios-sdk/Core (~> 5.13)
    - UnityAds (= 3.4.8)
  - Moya/Core (14.0.0):
    - Alamofire (~> 5.0)
  - Moya/RxSwift (14.0.0):
    - Moya/Core
    - RxSwift (~> 5.0)
  - nanopb (1.30905.0):
    - nanopb/decode (= 1.30905.0)
    - nanopb/encode (= 1.30905.0)
  - nanopb/decode (1.30905.0)
  - nanopb/encode (1.30905.0)
  - Path.swift (1.0.1)
  - PINCache (2.3)
  - PINOperation (1.1.2)
  - PromisesObjC (1.2.8)
  - Protobuf (3.12.0)
  - R.swift (5.0.3):
    - R.swift.Library (~> 5.0.0)
  - R.swift.Library (5.0.1)
  - Reveal-SDK (4)
  - RxCocoa (5.1.1):
    - RxRelay (~> 5)
    - RxSwift (~> 5)
  - RxGesture (3.0.2):
    - RxCocoa (~> 5.1)
    - RxSwift (~> 5.1)
  - RxRelay (5.1.1):
    - RxSwift (~> 5)
  - RxSwift (5.1.1)
  - SDCAlertView (11.1.2)
  - SnapKit (4.2.0)
  - SnapSDK (1.4.4):
    - SnapSDK/SCSDKBitmojiKit (= 1.4.4)
    - SnapSDK/SCSDKCreativeKit (= 1.4.4)
    - SnapSDK/SCSDKLoginKit (= 1.4.4)
    - SnapSDK/SCSDKStoryKit (= 1.4.4)
  - SnapSDK/SCSDKBitmojiKit (1.4.4):
    - PINCache (< 3.1, >= 2.3)
    - PINOperation (~> 1.1)
  - SnapSDK/SCSDKCreativeKit (1.4.4)
  - SnapSDK/SCSDKLoginKit (1.4.4)
  - SnapSDK/SCSDKStoryKit (1.4.4)
  - SSZipArchive (2.1.5)
  - SwifterSwift (5.2.0):
    - SwifterSwift/AppKit (= 5.2.0)
    - SwifterSwift/CoreAnimation (= 5.2.0)
    - SwifterSwift/CoreGraphics (= 5.2.0)
    - SwifterSwift/CoreLocation (= 5.2.0)
    - SwifterSwift/Dispatch (= 5.2.0)
    - SwifterSwift/Foundation (= 5.2.0)
    - SwifterSwift/MapKit (= 5.2.0)
    - SwifterSwift/SceneKit (= 5.2.0)
    - SwifterSwift/SpriteKit (= 5.2.0)
    - SwifterSwift/StoreKit (= 5.2.0)
    - SwifterSwift/SwiftStdlib (= 5.2.0)
    - SwifterSwift/UIKit (= 5.2.0)
  - SwifterSwift/AppKit (5.2.0)
  - SwifterSwift/CoreAnimation (5.2.0)
  - SwifterSwift/CoreGraphics (5.2.0)
  - SwifterSwift/CoreLocation (5.2.0)
  - SwifterSwift/Dispatch (5.2.0)
  - SwifterSwift/Foundation (5.2.0)
  - SwifterSwift/MapKit (5.2.0)
  - SwifterSwift/SceneKit (5.2.0)
  - SwifterSwift/SpriteKit (5.2.0)
  - SwifterSwift/StoreKit (5.2.0)
  - SwifterSwift/SwiftStdlib (5.2.0)
  - SwifterSwift/UIKit (5.2.0)
  - SwiftHash (2.0.2)
  - SwiftLint (0.31.0)
  - SwiftyBeaver (1.9.1)
  - SwiftyJSON (5.0.0)
  - SwiftyStoreKit (0.15.0)
  - SwiftyUserDefaults (5.0.0)
  - TikTokOpenSDK (3.0.2):
    - BytedanceOpenPlatformSDK (= 3.0.1)
  - UIColor_Hex_Swift (4.2.0)
  - UnityAds (3.4.8)
  - WSFlexibleTouch (0.1.1)
  - YYText (1.0.7)

DEPENDENCIES:
  - Adjust (= 4.21.0)
  - AgoraAudio_iOS (= 3.1.0)
  - AgoraRtm_iOS
  - BetterSegmentedControl
  - Bolts (from `https://github.com/roremeol/Bolts-ObjC.git`, branch `master`)
  - CastboxDebuger (~> 1.3.2)
  - DeviceKit (~> 4.0)
  - DoraemonKit/Core (~> 3.0.2)
  - Firebase/Analytics
  - Firebase/Auth
  - Firebase/Crashlytics
  - Firebase/DynamicLinks
  - Firebase/Firestore
  - Firebase/InAppMessaging
  - Firebase/InAppMessagingDisplay
  - Firebase/Messaging
  - Firebase/RemoteConfig
  - GoogleSignIn
  - IQKeyboardManagerSwift (~> 6.2.0)
  - JLRoutes
  - JXCategoryView
  - JXPagingView/Paging (= 2.0.3)
  - JXSegmentedView
  - Kingfisher
  - loady
  - MBProgressHUD (~> 1.0.0)
  - MoPub-AdMob-Adapters
  - mopub-ios-sdk/Core
  - MoPub-UnityAds-Adapters (= 3.4.8.1)
  - Moya/RxSwift
  - Path.swift (~> 1.0.0)
  - R.swift (~> 5.0.2)
  - Reveal-SDK (= 4)
  - RxCocoa
  - RxGesture (= 3.0.2)
  - SDCAlertView
  - SnapKit (~> 4.2.0)
  - SnapSDK
  - SwifterSwift
  - SwiftHash
  - SwiftLint (= 0.31.0)
  - SwiftyJSON
  - SwiftyStoreKit
  - SwiftyUserDefaults (~> 5.0.0)
  - TikTokOpenSDK (~> 3.0.2)
  - UIColor_Hex_Swift (~> 4.2.0)
  - WSFlexibleTouch
  - YYText

SPEC REPOS:
  "git@github.com:castbox/GuruSpecs.git":
    - CastboxDebuger
  https://github.com/CocoaPods/Specs.git:
    - abseil
    - Adjust
    - AgoraAudio_iOS
    - AgoraRtm_iOS
    - Alamofire
    - AppAuth
    - BetterSegmentedControl
    - BoringSSL-GRPC
    - BytedanceOpenPlatformSDK
    - DeviceKit
    - DoraemonKit
    - Firebase
    - FirebaseABTesting
    - FirebaseAnalytics
    - FirebaseAnalyticsInterop
    - FirebaseAuth
    - FirebaseAuthInterop
    - FirebaseCore
    - FirebaseCoreDiagnostics
    - FirebaseCoreDiagnosticsInterop
    - FirebaseCrashlytics
    - FirebaseDynamicLinks
    - FirebaseFirestore
    - FirebaseInAppMessaging
    - FirebaseInAppMessagingDisplay
    - FirebaseInstallations
    - FirebaseInstanceID
    - FirebaseMessaging
    - FirebaseRemoteConfig
    - Google-Mobile-Ads-SDK
    - GoogleAppMeasurement
    - GoogleDataTransport
    - GoogleDataTransportCCTSupport
    - GoogleSignIn
    - GoogleUserMessagingPlatform
    - GoogleUtilities
    - "gRPC-C++"
    - gRPC-Core
    - GTMAppAuth
    - GTMSessionFetcher
    - IQKeyboardManagerSwift
    - JLRoutes
    - JXCategoryView
    - JXPagingView
    - JXSegmentedView
    - Kingfisher
    - leveldb-library
    - loady
    - MBProgressHUD
    - MoPub-AdMob-Adapters
    - mopub-ios-sdk
    - MoPub-UnityAds-Adapters
    - Moya
    - nanopb
    - Path.swift
    - PINCache
    - PINOperation
    - PromisesObjC
    - Protobuf
    - R.swift
    - R.swift.Library
    - Reveal-SDK
    - RxCocoa
    - RxGesture
    - RxRelay
    - RxSwift
    - SDCAlertView
    - SnapKit
    - SnapSDK
    - SSZipArchive
    - SwifterSwift
    - SwiftHash
    - SwiftLint
    - SwiftyBeaver
    - SwiftyJSON
    - SwiftyStoreKit
    - SwiftyUserDefaults
    - TikTokOpenSDK
    - UIColor_Hex_Swift
    - UnityAds
    - WSFlexibleTouch
    - YYText

EXTERNAL SOURCES:
  Bolts:
    :branch: master
    :git: https://github.com/roremeol/Bolts-ObjC.git

CHECKOUT OPTIONS:
  Bolts:
    :commit: 3122920f097d94e3d65bda41f32970f00a6795f4
    :git: https://github.com/roremeol/Bolts-ObjC.git

SPEC CHECKSUMS:
  abseil: 6c8eb7892aefa08d929b39f9bb108e5367e3228f
  Adjust: 7091afbeb9935103636f80f73742d21a83e085ae
  AgoraAudio_iOS: 3b14259bacfddcc9dd392ff65d4d474b2c17e89f
  AgoraRtm_iOS: 3a5b675487b39e51f416e8c8a040f97f0aaad2c1
  Alamofire: e911732990610fe89af59ac0077f923d72dc3dfd
  AppAuth: 31bcec809a638d7bd2f86ea8a52bd45f6e81e7c7
  BetterSegmentedControl: 85d1b0343a09603b098884d527f550dfc8e6cdd9
  Bolts: 6ca038afe82c84106a3aa0c570a58d03e0f7e7f8
  BoringSSL-GRPC: 8edf627ee524575e2f8d19d56f068b448eea3879
  BytedanceOpenPlatformSDK: 48b6b7603f81daf50dd90cb337cd690bf3c51371
  CastboxDebuger: 28fb3c49a4675ddf8328b6b4797c31adfb2d175e
  DeviceKit: cadb5ff25d45fe186778bf2d0fd2ea4750542189
  DoraemonKit: 8587e7a9aae0773dfc96707d2369d89d2a21b3d2
  Firebase: 5719b4f965f76643241a1bb8244483ff6117db39
  FirebaseABTesting: 821a3a3e4a145987e80fee3657c4de1cb9adf693
  FirebaseAnalytics: 93565f3f0f0f50a5d8770850bfe6a82eaba5db27
  FirebaseAnalyticsInterop: 3f86269c38ae41f47afeb43ebf32a001f58fcdae
  FirebaseAuth: 7047aec89c0b17ecd924a550c853f0c27ac6015e
  FirebaseAuthInterop: a0f37ae05833af156e72028f648d313f7e7592e9
  FirebaseCore: 6023faeada5afa95a349fccafb40900e32e9ac42
  FirebaseCoreDiagnostics: 4a773a47bd83bbd5a9b1ccf1ce7caa8b2d535e67
  FirebaseCoreDiagnosticsInterop: 296e2c5f5314500a850ad0b83e9e7c10b011a850
  FirebaseCrashlytics: a87cce5746d3335995bd18b1b60d073cd05a6920
  FirebaseDynamicLinks: 417dc6dbb6013233c77558290d73296f429656a6
  FirebaseFirestore: deb7242803734c97376278698de097499cf5194f
  FirebaseInAppMessaging: 003a6ae4d63f862832e183452e3f99babf58260f
  FirebaseInAppMessagingDisplay: b55300a5353ed570ee18e7be6d853feccb17e4aa
  FirebaseInstallations: 2119fb3e46b0a88bfdbf12562f855ee3252462fa
  FirebaseInstanceID: cef67c4967c7cecb56ea65d8acbb4834825c587b
  FirebaseMessaging: 29543feb343b09546ab3aa04d008ee8595b43c44
  FirebaseRemoteConfig: 3d189cf0c3c5abc0c924ef1cce60c4add8d3262c
  Google-Mobile-Ads-SDK: 7d7074359c040f5add4e0963bf860e14690060d0
  GoogleAppMeasurement: 137afe68bfa406c3f4221b9395253d9e5d4654cf
  GoogleDataTransport: ad884314b81cdb808fb1d23787b367ff8da4e28a
  GoogleDataTransportCCTSupport: d70a561f7d236af529fee598835caad5e25f6d3d
  GoogleSignIn: 7137d297ddc022a7e0aa4619c86d72c909fa7213
  GoogleUserMessagingPlatform: b168e8c46cd8f92aa3e34b584c4ca78a411ce367
  GoogleUtilities: 39530bc0ad980530298e9c4af8549e991fd033b1
  "gRPC-C++": 13d8ccef97d5c3c441b7e3c529ef28ebee86fad2
  gRPC-Core: 4afa11bfbedf7cdecd04de535a9e046893404ed5
  GTMAppAuth: 197a8dabfea5d665224aa00d17f164fc2248dab9
  GTMSessionFetcher: 6f5c8abbab8a9bce4bb3f057e317728ec6182b10
  IQKeyboardManagerSwift: 0f0ae8935360b4003e6ea1ac7c19898f01e2f7c7
  JLRoutes: d755245322b94227662ea3e43492fdca94e05c5b
  JXCategoryView: 0293fcb356f10a5c2e679dac0a1a5f1899ee0c87
  JXPagingView: 16f18d80bd79e0aab2e77fd8855211359e2506a4
  JXSegmentedView: ceb6fb3a12716408bcd5c4210b93d947d079de25
  Kingfisher: a3c03d702433fa6cfedabb2bddbe076fb8f2e902
  leveldb-library: 55d93ee664b4007aac644a782d11da33fba316f7
  loady: f61bf59437eff190c80f0bd113783879bf3dc8f9
  MBProgressHUD: 4890f671c94e8a0f3cf959aa731e9de2f036d71a
  MoPub-AdMob-Adapters: 70274439efc4914639b340d8ccb4462c9bdde756
  mopub-ios-sdk: a21098174b9420a291aca9fcdae832d0f2e2a368
  MoPub-UnityAds-Adapters: 267a3e5f23252c01895fc220b958639e1c1343e2
  Moya: 5b45dacb75adb009f97fde91c204c1e565d31916
  nanopb: c43f40fadfe79e8b8db116583945847910cbabc9
  Path.swift: 14eb9ac8a78a8135f440d9c5548ddae4f96def68
  PINCache: ce36ed282031b92fc7733ffe831f474ff80fddc2
  PINOperation: 24b774353ca248fcf87d67b2d61eef42087c125a
  PromisesObjC: c119f3cd559f50b7ae681fa59dc1acd19173b7e6
  Protobuf: 2793fcd0622a00b546c60e7cbbcc493e043e9bb9
  R.swift: f5a87643b91ea569d23d6afb3eee9c743edde239
  R.swift.Library: cfe85d569d9bae6cb262922db130e7c3a7a5fad1
  Reveal-SDK: 178c927f1a3230648d3a92b96f6e730a35b2750a
  RxCocoa: 32065309a38d29b5b0db858819b5bf9ef038b601
  RxGesture: d6bd7447ca3a596c7a9702a6a2b6a2bb5d8bae54
  RxRelay: d77f7d771495f43c556cbc43eebd1bb54d01e8e9
  RxSwift: 81470a2074fa8780320ea5fe4102807cb7118178
  SDCAlertView: 26b5dabdd3c2e6f16c88bad231c84447fa42b0dc
  SnapKit: fe8a619752f3f27075cc9a90244d75c6c3f27e2a
  SnapSDK: 9ea8d26ca876b7f1d85fad2f2ec09852f3b156d0
  SSZipArchive: cefe1364104a0231268a5deb8495bdf2861f52f0
  SwifterSwift: 334181863c416882d97b7a60c05054d9e4d799e2
  SwiftHash: 6d312abe61c8359bdef8d0093642f3a70b1c17ba
  SwiftLint: 7a0227733d786395817373b2d0ca799fd0093ff3
  SwiftyBeaver: a1f5691458561414bcfab51874b2b7445451602b
  SwiftyJSON: 36413e04c44ee145039d332b4f4e2d3e8d6c4db7
  SwiftyStoreKit: 033d06b6f87955405d3f844a18a7687c2438592a
  SwiftyUserDefaults: 33fcb42bd1feb53a37d873feb62c82967db5f7f6
  TikTokOpenSDK: f81840227b18ba43c294b2839e5cfe46610647bf
  UIColor_Hex_Swift: bc07fc197421ee896b9ed6dcfa2054b7fbf75145
  UnityAds: 729ce6e485d5ae45df03ad13e440cde6967feee3
  WSFlexibleTouch: 307b10e025bbb4c8ee89fa1075f930020b0791c3
  YYText: 5c461d709e24d55a182d1441c41dc639a18a4849

PODFILE CHECKSUM: 32a1d2a2b431f1169c2105ea45177c214a0ca921

COCOAPODS: 1.10.0
